
Microsoft Visual Studio Solution File, Format Version 12.00
# Visual Studio 15
VisualStudioVersion = 15.0.28307.168
MinimumVisualStudioVersion = 10.0.40219.1
Project("{FAE04EC0-301F-11D3-BF4B-00C04F79EFBC}") = "alumnosNotas", "alumnosNotas\alumnosNotas.csproj", "{DF83DB26-AC2F-4F1B-9EDE-38274CC93128}"
EndProject
Global
	GlobalSection(SolutionConfigurationPlatforms) = preSolution
		Debug|Any CPU = Debug|Any CPU
		Release|Any CPU = Release|Any CPU
	EndGlobalSection
	GlobalSection(ProjectConfigurationPlatforms) = postSolution
		{DF83DB26-AC2F-4F1B-9EDE-38274CC93128}.Debug|Any CPU.ActiveCfg = Debug|Any CPU
		{DF83DB26-AC2F-4F1B-9EDE-38274CC93128}.Debug|Any CPU.Build.0 = Debug|Any CPU
		{DF83DB26-AC2F-4F1B-9EDE-38274CC93128}.Release|Any CPU.ActiveCfg = Release|Any CPU
		{DF83DB26-AC2F-4F1B-9EDE-38274CC93128}.Release|Any CPU.Build.0 = Release|Any CPU
	EndGlobalSection
	GlobalSection(SolutionProperties) = preSolution
		HideSolutionNode = FALSE
	EndGlobalSection
	GlobalSection(ExtensibilityGlobals) = postSolution
		SolutionGuid = {8628E559-D5B7-4008-B83A-71BDC098F755}
	EndGlobalSection
EndGlobal
